
Microsoft Visual Studio Solution File, Format Version 12.00
# Visual Studio Version 16
VisualStudioVersion = 16.0.30114.105
MinimumVisualStudioVersion = 10.0.40219.1
Project("{9A19103F-16F7-4668-BE54-9A1E7A4F7556}") = "API", "API\API.csproj", "{E652375E-CB22-4219-A0BB-60DB981B8621}"
EndProject
Project("{9A19103F-16F7-4668-BE54-9A1E7A4F7556}") = "Entities", "Entities\Entities.csproj", "{20F1C22B-39A8-4069-9051-80B41E1C0CDA}"
EndProject
Project("{9A19103F-16F7-4668-BE54-9A1E7A4F7556}") = "Persistence", "Persistence\Persistence.csproj", "{112B4884-0FF7-4D7F-B4FA-DED5AD6E3653}"
EndProject
Project("{FAE04EC0-301F-11D3-BF4B-00C04F79EFBC}") = "Infrastructure", "Infrastructure\Infrastructure.csproj", "{8603ECBC-55F0-43C8-9464-CE8E02570E1A}"
EndProject
Global
	GlobalSection(SolutionConfigurationPlatforms) = preSolution
		Debug|Any CPU = Debug|Any CPU
		Debug|x64 = Debug|x64
		Debug|x86 = Debug|x86
		Release|Any CPU = Release|Any CPU
		Release|x64 = Release|x64
		Release|x86 = Release|x86
	EndGlobalSection
	GlobalSection(ProjectConfigurationPlatforms) = postSolution
		{E652375E-CB22-4219-A0BB-60DB981B8621}.Debug|Any CPU.ActiveCfg = Debug|Any CPU
		{E652375E-CB22-4219-A0BB-60DB981B8621}.Debug|Any CPU.Build.0 = Debug|Any CPU
		{E652375E-CB22-4219-A0BB-60DB981B8621}.Debug|x64.ActiveCfg = Debug|Any CPU
		{E652375E-CB22-4219-A0BB-60DB981B8621}.Debug|x64.Build.0 = Debug|Any CPU
		{E652375E-CB22-4219-A0BB-60DB981B8621}.Debug|x86.ActiveCfg = Debug|Any CPU
		{E652375E-CB22-4219-A0BB-60DB981B8621}.Debug|x86.Build.0 = Debug|Any CPU
		{E652375E-CB22-4219-A0BB-60DB981B8621}.Release|Any CPU.ActiveCfg = Release|Any CPU
		{E652375E-CB22-4219-A0BB-60DB981B8621}.Release|Any CPU.Build.0 = Release|Any CPU
		{E652375E-CB22-4219-A0BB-60DB981B8621}.Release|x64.ActiveCfg = Release|Any CPU
		{E652375E-CB22-4219-A0BB-60DB981B8621}.Release|x64.Build.0 = Release|Any CPU
		{E652375E-CB22-4219-A0BB-60DB981B8621}.Release|x86.ActiveCfg = Release|Any CPU
		{E652375E-CB22-4219-A0BB-60DB981B8621}.Release|x86.Build.0 = Release|Any CPU
		{20F1C22B-39A8-4069-9051-80B41E1C0CDA}.Debug|Any CPU.ActiveCfg = Debug|Any CPU
		{20F1C22B-39A8-4069-9051-80B41E1C0CDA}.Debug|Any CPU.Build.0 = Debug|Any CPU
		{20F1C22B-39A8-4069-9051-80B41E1C0CDA}.Debug|x64.ActiveCfg = Debug|Any CPU
		{20F1C22B-39A8-4069-9051-80B41E1C0CDA}.Debug|x64.Build.0 = Debug|Any CPU
		{20F1C22B-39A8-4069-9051-80B41E1C0CDA}.Debug|x86.ActiveCfg = Debug|Any CPU
		{20F1C22B-39A8-4069-9051-80B41E1C0CDA}.Debug|x86.Build.0 = Debug|Any CPU
		{20F1C22B-39A8-4069-9051-80B41E1C0CDA}.Release|Any CPU.ActiveCfg = Release|Any CPU
		{20F1C22B-39A8-4069-9051-80B41E1C0CDA}.Release|Any CPU.Build.0 = Release|Any CPU
		{20F1C22B-39A8-4069-9051-80B41E1C0CDA}.Release|x64.ActiveCfg = Release|Any CPU
		{20F1C22B-39A8-4069-9051-80B41E1C0CDA}.Release|x64.Build.0 = Release|Any CPU
		{20F1C22B-39A8-4069-9051-80B41E1C0CDA}.Release|x86.ActiveCfg = Release|Any CPU
		{20F1C22B-39A8-4069-9051-80B41E1C0CDA}.Release|x86.Build.0 = Release|Any CPU
		{112B4884-0FF7-4D7F-B4FA-DED5AD6E3653}.Debug|Any CPU.ActiveCfg = Debug|Any CPU
		{112B4884-0FF7-4D7F-B4FA-DED5AD6E3653}.Debug|Any CPU.Build.0 = Debug|Any CPU
		{112B4884-0FF7-4D7F-B4FA-DED5AD6E3653}.Debug|x64.ActiveCfg = Debug|Any CPU
		{112B4884-0FF7-4D7F-B4FA-DED5AD6E3653}.Debug|x64.Build.0 = Debug|Any CPU
		{112B4884-0FF7-4D7F-B4FA-DED5AD6E3653}.Debug|x86.ActiveCfg = Debug|Any CPU
		{112B4884-0FF7-4D7F-B4FA-DED5AD6E3653}.Debug|x86.Build.0 = Debug|Any CPU
		{112B4884-0FF7-4D7F-B4FA-DED5AD6E3653}.Release|Any CPU.ActiveCfg = Release|Any CPU
		{112B4884-0FF7-4D7F-B4FA-DED5AD6E3653}.Release|Any CPU.Build.0 = Release|Any CPU
		{112B4884-0FF7-4D7F-B4FA-DED5AD6E3653}.Release|x64.ActiveCfg = Release|Any CPU
		{112B4884-0FF7-4D7F-B4FA-DED5AD6E3653}.Release|x64.Build.0 = Release|Any CPU
		{112B4884-0FF7-4D7F-B4FA-DED5AD6E3653}.Release|x86.ActiveCfg = Release|Any CPU
		{112B4884-0FF7-4D7F-B4FA-DED5AD6E3653}.Release|x86.Build.0 = Release|Any CPU
		{8603ECBC-55F0-43C8-9464-CE8E02570E1A}.Debug|Any CPU.ActiveCfg = Debug|Any CPU
		{8603ECBC-55F0-43C8-9464-CE8E02570E1A}.Debug|Any CPU.Build.0 = Debug|Any CPU
		{8603ECBC-55F0-43C8-9464-CE8E02570E1A}.Debug|x64.ActiveCfg = Debug|Any CPU
		{8603ECBC-55F0-43C8-9464-CE8E02570E1A}.Debug|x64.Build.0 = Debug|Any CPU
		{8603ECBC-55F0-43C8-9464-CE8E02570E1A}.Debug|x86.ActiveCfg = Debug|Any CPU
		{8603ECBC-55F0-43C8-9464-CE8E02570E1A}.Debug|x86.Build.0 = Debug|Any CPU
		{8603ECBC-55F0-43C8-9464-CE8E02570E1A}.Release|Any CPU.ActiveCfg = Release|Any CPU
		{8603ECBC-55F0-43C8-9464-CE8E02570E1A}.Release|Any CPU.Build.0 = Release|Any CPU
		{8603ECBC-55F0-43C8-9464-CE8E02570E1A}.Release|x64.ActiveCfg = Release|Any CPU
		{8603ECBC-55F0-43C8-9464-CE8E02570E1A}.Release|x64.Build.0 = Release|Any CPU
		{8603ECBC-55F0-43C8-9464-CE8E02570E1A}.Release|x86.ActiveCfg = Release|Any CPU
		{8603ECBC-55F0-43C8-9464-CE8E02570E1A}.Release|x86.Build.0 = Release|Any CPU
	EndGlobalSection
	GlobalSection(SolutionProperties) = preSolution
		HideSolutionNode = FALSE
	EndGlobalSection
	GlobalSection(ExtensibilityGlobals) = postSolution
		SolutionGuid = {5B93B302-7159-46DE-9632-00DB1DD03014}
	EndGlobalSection
EndGlobal
